
Microsoft Visual Studio Solution File, Format Version 12.00
# Visual Studio Version 17
VisualStudioVersion = 17.14.36705.20 d17.14
MinimumVisualStudioVersion = 10.0.40219.1
Project("{FAE04EC0-301F-11D3-BF4B-00C04F79EFBC}") = "NestLight", "NestLight\NestLight.csproj", "{3B1D8E57-6C0A-4B8E-9C3E-5A2F0D7E1A11}"
EndProject
Project("{FAE04EC0-301F-11D3-BF4B-00C04F79EFBC}") = "NestLight.Tests", "NestLight.Tests\NestLight.Tests.csproj", "{2B12226D-3B93-848E-EAD0-935ED447553A}"
EndProject
Project("{FAE04EC0-301F-11D3-BF4B-00C04F79EFBC}") = "NestLight.Experiments", "NestLight.Experiments\NestLight.Experiments.csproj", "{F3B21C3E-5BF2-304E-810D-ED36EE6CDE57}"
EndProject
Global
	GlobalSection(SolutionConfigurationPlatforms) = preSolution
		Debug|Any CPU = Debug|Any CPU
		Debug|arm64 = Debug|arm64
		Debug|x86 = Debug|x86
		Release|Any CPU = Release|Any CPU
		Release|arm64 = Release|arm64
		Release|x86 = Release|x86
	EndGlobalSection
	GlobalSection(ProjectConfigurationPlatforms) = postSolution
		{3B1D8E57-6C0A-4B8E-9C3E-5A2F0D7E1A11}.Debug|Any CPU.ActiveCfg = Debug|Any CPU
		{3B1D8E57-6C0A-4B8E-9C3E-5A2F0D7E1A11}.Debug|Any CPU.Build.0 = Debug|Any CPU
		{3B1D8E57-6C0A-4B8E-9C3E-5A2F0D7E1A11}.Debug|arm64.ActiveCfg = Debug|arm64
		{3B1D8E57-6C0A-4B8E-9C3E-5A2F0D7E1A11}.Debug|arm64.Build.0 = Debug|arm64
		{3B1D8E57-6C0A-4B8E-9C3E-5A2F0D7E1A11}.Debug|x86.ActiveCfg = Debug|x86
		{3B1D8E57-6C0A-4B8E-9C3E-5A2F0D7E1A11}.Debug|x86.Build.0 = Debug|x86
		{3B1D8E57-6C0A-4B8E-9C3E-5A2F0D7E1A11}.Release|Any CPU.ActiveCfg = Release|Any CPU
		{3B1D8E57-6C0A-4B8E-9C3E-5A2F0D7E1A11}.Release|Any CPU.Build.0 = Release|Any CPU
		{3B1D8E57-6C0A-4B8E-9C3E-5A2F0D7E1A11}.Release|arm64.ActiveCfg = Release|arm64
		{3B1D8E57-6C0A-4B8E-9C3E-5A2F0D7E1A11}.Release|arm64.Build.0 = Release|arm64
		{3B1D8E57-6C0A-4B8E-9C3E-5A2F0D7E1A11}.Release|x86.ActiveCfg = Release|x86
		{3B1D8E57-6C0A-4B8E-9C3E-5A2F0D7E1A11}.Release|x86.Build.0 = Release|x86
		{2B12226D-3B93-848E-EAD0-935ED447553A}.Debug|Any CPU.ActiveCfg = Debug|Any CPU
		{2B12226D-3B93-848E-EAD0-935ED447553A}.Debug|Any CPU.Build.0 = Debug|Any CPU
		{2B12226D-3B93-848E-EAD0-935ED447553A}.Debug|arm64.ActiveCfg = Debug|Any CPU
		{2B12226D-3B93-848E-EAD0-935ED447553A}.Debug|arm64.Build.0 = Debug|Any CPU
		{2B12226D-3B93-848E-EAD0-935ED447553A}.Debug|x86.ActiveCfg = Debug|Any CPU
		{2B12226D-3B93-848E-EAD0-935ED447553A}.Debug|x86.Build.0 = Debug|Any CPU
		{2B12226D-3B93-848E-EAD0-935ED447553A}.Release|Any CPU.ActiveCfg = Release|Any CPU
		{2B12226D-3B93-848E-EAD0-935ED447553A}.Release|Any CPU.Build.0 = Release|Any CPU
		{2B12226D-3B93-848E-EAD0-935ED447553A}.Release|arm64.ActiveCfg = Release|Any CPU
		{2B12226D-3B93-848E-EAD0-935ED447553A}.Release|arm64.Build.0 = Release|Any CPU
		{2B12226D-3B93-848E-EAD0-935ED447553A}.Release|x86.ActiveCfg = Release|Any CPU
		{2B12226D-3B93-848E-EAD0-935ED447553A}.Release|x86.Build.0 = Release|Any CPU
		{F3B21C3E-5BF2-304E-810D-ED36EE6CDE57}.Debug|Any CPU.ActiveCfg = Debug|Any CPU
		{F3B21C3E-5BF2-304E-810D-ED36EE6CDE57}.Debug|Any CPU.Build.0 = Debug|Any CPU
		{F3B21C3E-5BF2-304E-810D-ED36EE6CDE57}.Debug|arm64.ActiveCfg = Debug|Any CPU
		{F3B21C3E-5BF2-304E-810D-ED36EE6CDE57}.Debug|arm64.Build.0 = Debug|Any CPU
		{F3B21C3E-5BF2-304E-810D-ED36EE6CDE57}.Debug|x86.ActiveCfg = Debug|Any CPU
		{F3B21C3E-5BF2-304E-810D-ED36EE6CDE57}.Debug|x86.Build.0 = Debug|Any CPU
		{F3B21C3E-5BF2-304E-810D-ED36EE6CDE57}.Release|Any CPU.ActiveCfg = Release|Any CPU
		{F3B21C3E-5BF2-304E-810D-ED36EE6CDE57}.Release|Any CPU.Build.0 = Release|Any CPU
		{F3B21C3E-5BF2-304E-810D-ED36EE6CDE57}.Release|arm64.ActiveCfg = Release|Any CPU
		{F3B21C3E-5BF2-304E-810D-ED36EE6CDE57}.Release|arm64.Build.0 = Release|Any CPU
		{F3B21C3E-5BF2-304E-810D-ED36EE6CDE57}.Release|x86.ActiveCfg = Release|Any CPU
		{F3B21C3E-5BF2-304E-810D-ED36EE6CDE57}.Release|x86.Build.0 = Release|Any CPU
	EndGlobalSection
	GlobalSection(SolutionProperties) = preSolution
		HideSolutionNode = FALSE
	EndGlobalSection
	GlobalSection(ExtensibilityGlobals) = postSolution
		SolutionGuid = {ABCD4C59-3C0B-4EF9-9F59-548CA2FA8EDA}
	EndGlobalSection
EndGlobal
